
Microsoft Visual Studio Solution File, Format Version 12.00
# Visual Studio 2013
VisualStudioVersion = 12.0.21005.1
MinimumVisualStudioVersion = 10.0.40219.1
Project("{159641D6-6404-4A2A-AE62-294DE0FE8301}") = "SSIS_flat_36", "SSIS_flat_36\SSIS_flat_36.dtproj", "{D39EDB58-2AE8-4E8A-A174-9A9FA9B0EF08}"
EndProject
Global
	GlobalSection(SolutionConfigurationPlatforms) = preSolution
		Development|Default = Development|Default
	EndGlobalSection
	GlobalSection(ProjectConfigurationPlatforms) = postSolution
		{D39EDB58-2AE8-4E8A-A174-9A9FA9B0EF08}.Development|Default.ActiveCfg = Development
		{D39EDB58-2AE8-4E8A-A174-9A9FA9B0EF08}.Development|Default.Build.0 = Development
	EndGlobalSection
	GlobalSection(SolutionProperties) = preSolution
		HideSolutionNode = FALSE
	EndGlobalSection
EndGlobal
